
Microsoft Visual Studio Solution File, Format Version 12.00
# Visual Studio Version 17
VisualStudioVersion = 17.0.32014.148
MinimumVisualStudioVersion = 10.0.40219.1
Project("{FAE04EC0-301F-11D3-BF4B-00C04F79EFBC}") = "ACBACustomer.Desktop", "ACBACustomer.Desktop\ACBACustomer.Desktop.csproj", "{BB865B1B-F4EA-4183-B583-FA97774A0C9B}"
EndProject
Project("{FAE04EC0-301F-11D3-BF4B-00C04F79EFBC}") = "ACBACustomer.Data", "ACBACustomer.Data\ACBACustomer.Data.csproj", "{DF70DD0C-8588-4DB1-89C6-69FF02C524A2}"
EndProject
Global
	GlobalSection(SolutionConfigurationPlatforms) = preSolution
		Debug|Any CPU = Debug|Any CPU
		Release|Any CPU = Release|Any CPU
	EndGlobalSection
	GlobalSection(ProjectConfigurationPlatforms) = postSolution
		{BB865B1B-F4EA-4183-B583-FA97774A0C9B}.Debug|Any CPU.ActiveCfg = Debug|Any CPU
		{BB865B1B-F4EA-4183-B583-FA97774A0C9B}.Debug|Any CPU.Build.0 = Debug|Any CPU
		{BB865B1B-F4EA-4183-B583-FA97774A0C9B}.Release|Any CPU.ActiveCfg = Release|Any CPU
		{BB865B1B-F4EA-4183-B583-FA97774A0C9B}.Release|Any CPU.Build.0 = Release|Any CPU
		{DF70DD0C-8588-4DB1-89C6-69FF02C524A2}.Debug|Any CPU.ActiveCfg = Debug|Any CPU
		{DF70DD0C-8588-4DB1-89C6-69FF02C524A2}.Debug|Any CPU.Build.0 = Debug|Any CPU
		{DF70DD0C-8588-4DB1-89C6-69FF02C524A2}.Release|Any CPU.ActiveCfg = Release|Any CPU
		{DF70DD0C-8588-4DB1-89C6-69FF02C524A2}.Release|Any CPU.Build.0 = Release|Any CPU
	EndGlobalSection
	GlobalSection(SolutionProperties) = preSolution
		HideSolutionNode = FALSE
	EndGlobalSection
	GlobalSection(ExtensibilityGlobals) = postSolution
		SolutionGuid = {46606742-BCDC-4D65-9B1B-9F2B0DFCEC4F}
	EndGlobalSection
EndGlobal
